// !$*UTF8*$!
{
	archiveVersion = 1;
	classes = {
	};
	objectVersion = 46;
	objects = {

/* Begin PBXBuildFile section */
		0962D8A71FB558FA00FEBED7 /* AppDelegate.swift in Sources */ = {isa = PBXBuildFile; fileRef = 0962D8A61FB558FA00FEBED7 /* AppDelegate.swift */; };
		0962D8A91FB558FA00FEBED7 /* ViewController.swift in Sources */ = {isa = PBXBuildFile; fileRef = 0962D8A81FB558FA00FEBED7 /* ViewController.swift */; };
		0962D8AC1FB558FA00FEBED7 /* Main.storyboard in Resources */ = {isa = PBXBuildFile; fileRef = 0962D8AA1FB558FA00FEBED7 /* Main.storyboard */; };
		0962D8AE1FB558FA00FEBED7 /* Assets.xcassets in Resources */ = {isa = PBXBuildFile; fileRef = 0962D8AD1FB558FA00FEBED7 /* Assets.xcassets */; };
		0962D8B11FB558FA00FEBED7 /* LaunchScreen.storyboard in Resources */ = {isa = PBXBuildFile; fileRef = 0962D8AF1FB558FA00FEBED7 /* LaunchScreen.storyboard */; };
		0962D8BC1FB558FA00FEBED7 /* FaceItTests.swift in Sources */ = {isa = PBXBuildFile; fileRef = 0962D8BB1FB558FA00FEBED7 /* FaceItTests.swift */; };
		0962D8C71FB558FA00FEBED7 /* FaceItUITests.swift in Sources */ = {isa = PBXBuildFile; fileRef = 0962D8C61FB558FA00FEBED7 /* FaceItUITests.swift */; };
		0962D8D61FB559B500FEBED7 /* FaceView.swift in Sources */ = {isa = PBXBuildFile; fileRef = 0962D8D51FB559B500FEBED7 /* FaceView.swift */; };
		09CF78D41FB7CCE900D8D4F4 /* FacialExpression.swift in Sources */ = {isa = PBXBuildFile; fileRef = 09CF78D31FB7CCE900D8D4F4 /* FacialExpression.swift */; };
/* End PBXBuildFile section */

/* Begin PBXContainerItemProxy section */
		0962D8B81FB558FA00FEBED7 /* PBXContainerItemProxy */ = {
			isa = PBXContainerItemProxy;
			containerPortal = 0962D89B1FB558FA00FEBED7 /* Project object */;
			proxyType = 1;
			remoteGlobalIDString = 0962D8A21FB558FA00FEBED7;
			remoteInfo = FaceIt;
		};
		0962D8C31FB558FA00FEBED7 /* PBXContainerItemProxy */ = {
			isa = PBXContainerItemProxy;
			containerPortal = 0962D89B1FB558FA00FEBED7 /* Project object */;
			proxyType = 1;
			remoteGlobalIDString = 0962D8A21FB558FA00FEBED7;
			remoteInfo = FaceIt;
		};
/* End PBXContainerItemProxy section */

/* Begin PBXFileReference section */
		0962D8A31FB558FA00FEBED7 /* FaceIt.app */ = {isa = PBXFileReference; explicitFileType = wrapper.application; includeInIndex = 0; path = FaceIt.app; sourceTree = BUILT_PRODUCTS_DIR; };
		0962D8A61FB558FA00FEBED7 /* AppDelegate.swift */ = {isa = PBXFileReference; lastKnownFileType = sourcecode.swift; path = AppDelegate.swift; sourceTree = "<group>"; };
		0962D8A81FB558FA00FEBED7 /* ViewController.swift */ = {isa = PBXFileReference; lastKnownFileType = sourcecode.swift; path = ViewController.swift; sourceTree = "<group>"; };
		0962D8AB1FB558FA00FEBED7 /* Base */ = {isa = PBXFileReference; lastKnownFileType = file.storyboard; name = Base; path = Base.lproj/Main.storyboard; sourceTree = "<group>"; };
		0962D8AD1FB558FA00FEBED7 /* Assets.xcassets */ = {isa = PBXFileReference; lastKnownFileType = folder.assetcatalog; path = Assets.xcassets; sourceTree = "<group>"; };
		0962D8B01FB558FA00FEBED7 /* Base */ = {isa = PBXFileReference; lastKnownFileType = file.storyboard; name = Base; path = Base.lproj/LaunchScreen.storyboard; sourceTree = "<group>"; };
		0962D8B21FB558FA00FEBED7 /* Info.plist */ = {isa = PBXFileReference; lastKnownFileType = text.plist.xml; path = Info.plist; sourceTree = "<group>"; };
		0962D8B71FB558FA00FEBED7 /* FaceItTests.xctest */ = {isa = PBXFileReference; explicitFileType = wrapper.cfbundle; includeInIndex = 0; path = FaceItTests.xctest; sourceTree = BUILT_PRODUCTS_DIR; };
		0962D8BB1FB558FA00FEBED7 /* FaceItTests.swift */ = {isa = PBXFileReference; lastKnownFileType = sourcecode.swift; path = FaceItTests.swift; sourceTree = "<group>"; };
		0962D8BD1FB558FA00FEBED7 /* Info.plist */ = {isa = PBXFileReference; lastKnownFileType = text.plist.xml; path = Info.plist; sourceTree = "<group>"; };
		0962D8C21FB558FA00FEBED7 /* FaceItUITests.xctest */ = {isa = PBXFileReference; explicitFileType = wrapper.cfbundle; includeInIndex = 0; path = FaceItUITests.xctest; sourceTree = BUILT_PRODUCTS_DIR; };
		0962D8C61FB558FA00FEBED7 /* FaceItUITests.swift */ = {isa = PBXFileReference; lastKnownFileType = sourcecode.swift; path = FaceItUITests.swift; sourceTree = "<group>"; };
		0962D8C81FB558FA00FEBED7 /* Info.plist */ = {isa = PBXFileReference; lastKnownFileType = text.plist.xml; path = Info.plist; sourceTree = "<group>"; };
		0962D8D51FB559B500FEBED7 /* FaceView.swift */ = {isa = PBXFileReference; fileEncoding = 4; lastKnownFileType = sourcecode.swift; path = FaceView.swift; sourceTree = "<group>"; };
		09CF78D31FB7CCE900D8D4F4 /* FacialExpression.swift */ = {isa = PBXFileReference; fileEncoding = 4; lastKnownFileType = sourcecode.swift; path = FacialExpression.swift; sourceTree = "<group>"; };
/* End PBXFileReference section */

/* Begin PBXFrameworksBuildPhase section */
		0962D8A01FB558FA00FEBED7 /* Frameworks */ = {
			isa = PBXFrameworksBuildPhase;
			buildActionMask = 2147483647;
			files = (
			);
			runOnlyForDeploymentPostprocessing = 0;
		};
		0962D8B41FB558FA00FEBED7 /* Frameworks */ = {
			isa = PBXFrameworksBuildPhase;
			buildActionMask = 2147483647;
			files = (
			);
			runOnlyForDeploymentPostprocessing = 0;
		};
		0962D8BF1FB558FA00FEBED7 /* Frameworks */ = {
			isa = PBXFrameworksBuildPhase;
			buildActionMask = 2147483647;
			files = (
			);
			runOnlyForDeploymentPostprocessing = 0;
		};
/* End PBXFrameworksBuildPhase section */

/* Begin PBXGroup section */
		0962D89A1FB558FA00FEBED7 = {
			isa = PBXGroup;
			children = (
				0962D8A51FB558FA00FEBED7 /* FaceIt */,
				0962D8BA1FB558FA00FEBED7 /* FaceItTests */,
				0962D8C51FB558FA00FEBED7 /* FaceItUITests */,
				0962D8A41FB558FA00FEBED7 /* Products */,
			);
			sourceTree = "<group>";
		};
		0962D8A41FB558FA00FEBED7 /* Products */ = {
			isa = PBXGroup;
			children = (
				0962D8A31FB558FA00FEBED7 /* FaceIt.app */,
				0962D8B71FB558FA00FEBED7 /* FaceItTests.xctest */,
				0962D8C21FB558FA00FEBED7 /* FaceItUITests.xctest */,
			);
			name = Products;
			sourceTree = "<group>";
		};
		0962D8A51FB558FA00FEBED7 /* FaceIt */ = {
			isa = PBXGroup;
			children = (
				0962D8A81FB558FA00FEBED7 /* ViewController.swift */,
				0962D8AA1FB558FA00FEBED7 /* Main.storyboard */,
				0962D8D51FB559B500FEBED7 /* FaceView.swift */,
				0962D8D41FB5592100FEBED7 /* Supporting Files */,
				09CF78D31FB7CCE900D8D4F4 /* FacialExpression.swift */,
			);
			path = FaceIt;
			sourceTree = "<group>";
		};
		0962D8BA1FB558FA00FEBED7 /* FaceItTests */ = {
			isa = PBXGroup;
			children = (
				0962D8BB1FB558FA00FEBED7 /* FaceItTests.swift */,
				0962D8BD1FB558FA00FEBED7 /* Info.plist */,
			);
			path = FaceItTests;
			sourceTree = "<group>";
		};
		0962D8C51FB558FA00FEBED7 /* FaceItUITests */ = {
			isa = PBXGroup;
			children = (
				0962D8C61FB558FA00FEBED7 /* FaceItUITests.swift */,
				0962D8C81FB558FA00FEBED7 /* Info.plist */,
			);
			path = FaceItUITests;
			sourceTree = "<group>";
		};
		0962D8D41FB5592100FEBED7 /* Supporting Files */ = {
			isa = PBXGroup;
			children = (
				0962D8A61FB558FA00FEBED7 /* AppDelegate.swift */,
				0962D8AD1FB558FA00FEBED7 /* Assets.xcassets */,
				0962D8AF1FB558FA00FEBED7 /* LaunchScreen.storyboard */,
				0962D8B21FB558FA00FEBED7 /* Info.plist */,
			);
			name = "Supporting Files";
			sourceTree = "<group>";
		};
/* End PBXGroup section */

/* Begin PBXNativeTarget section */
		0962D8A21FB558FA00FEBED7 /* FaceIt */ = {
			isa = PBXNativeTarget;
			buildConfigurationList = 0962D8CB1FB558FA00FEBED7 /* Build configuration list for PBXNativeTarget "FaceIt" */;
			buildPhases = (
				0962D89F1FB558FA00FEBED7 /* Sources */,
				0962D8A01FB558FA00FEBED7 /* Frameworks */,
				0962D8A11FB558FA00FEBED7 /* Resources */,
			);
			buildRules = (
			);
			dependencies = (
			);
			name = FaceIt;
			productName = FaceIt;
			productReference = 0962D8A31FB558FA00FEBED7 /* FaceIt.app */;
			productType = "com.apple.product-type.application";
		};
		0962D8B61FB558FA00FEBED7 /* FaceItTests */ = {
			isa = PBXNativeTarget;
			buildConfigurationList = 0962D8CE1FB558FA00FEBED7 /* Build configuration list for PBXNativeTarget "FaceItTests" */;
			buildPhases = (
				0962D8B31FB558FA00FEBED7 /* Sources */,
				0962D8B41FB558FA00FEBED7 /* Frameworks */,
				0962D8B51FB558FA00FEBED7 /* Resources */,
			);
			buildRules = (
			);
			dependencies = (
				0962D8B91FB558FA00FEBED7 /* PBXTargetDependency */,
			);
			name = FaceItTests;
			productName = FaceItTests;
			productReference = 0962D8B71FB558FA00FEBED7 /* FaceItTests.xctest */;
			productType = "com.apple.product-type.bundle.unit-test";
		};
		0962D8C11FB558FA00FEBED7 /* FaceItUITests */ = {
			isa = PBXNativeTarget;
			buildConfigurationList = 0962D8D11FB558FA00FEBED7 /* Build configuration list for PBXNativeTarget "FaceItUITests" */;
			buildPhases = (
				0962D8BE1FB558FA00FEBED7 /* Sources */,
				0962D8BF1FB558FA00FEBED7 /* Frameworks */,
				0962D8C01FB558FA00FEBED7 /* Resources */,
			);
			buildRules = (
			);
			dependencies = (
				0962D8C41FB558FA00FEBED7 /* PBXTargetDependency */,
			);
			name = FaceItUITests;
			productName = FaceItUITests;
			productReference = 0962D8C21FB558FA00FEBED7 /* FaceItUITests.xctest */;
			productType = "com.apple.product-type.bundle.ui-testing";
		};
/* End PBXNativeTarget section */

/* Begin PBXProject section */
		0962D89B1FB558FA00FEBED7 /* Project object */ = {
			isa = PBXProject;
			attributes = {
				LastSwiftUpdateCheck = 0830;
				LastUpgradeCheck = 0830;
				ORGANIZATIONNAME = "Jacob Lo";
				TargetAttributes = {
					0962D8A21FB558FA00FEBED7 = {
						CreatedOnToolsVersion = 8.3.3;
						ProvisioningStyle = Automatic;
					};
					0962D8B61FB558FA00FEBED7 = {
						CreatedOnToolsVersion = 8.3.3;
						ProvisioningStyle = Automatic;
						TestTargetID = 0962D8A21FB558FA00FEBED7;
					};
					0962D8C11FB558FA00FEBED7 = {
						CreatedOnToolsVersion = 8.3.3;
						ProvisioningStyle = Automatic;
						TestTargetID = 0962D8A21FB558FA00FEBED7;
					};
				};
			};
			buildConfigurationList = 0962D89E1FB558FA00FEBED7 /* Build configuration list for PBXProject "FaceIt" */;
			compatibilityVersion = "Xcode 3.2";
			developmentRegion = English;
			hasScannedForEncodings = 0;
			knownRegions = (
				en,
				Base,
			);
			mainGroup = 0962D89A1FB558FA00FEBED7;
			productRefGroup = 0962D8A41FB558FA00FEBED7 /* Products */;
			projectDirPath = "";
			projectRoot = "";
			targets = (
				0962D8A21FB558FA00FEBED7 /* FaceIt */,
				0962D8B61FB558FA00FEBED7 /* FaceItTests */,
				0962D8C11FB558FA00FEBED7 /* FaceItUITests */,
			);
		};
/* End PBXProject section */

/* Begin PBXResourcesBuildPhase section */
		0962D8A11FB558FA00FEBED7 /* Resources */ = {
			isa = PBXResourcesBuildPhase;
			buildActionMask = 2147483647;
			files = (
				0962D8B11FB558FA00FEBED7 /* LaunchScreen.storyboard in Resources */,
				0962D8AE1FB558FA00FEBED7 /* Assets.xcassets in Resources */,
				0962D8AC1FB558FA00FEBED7 /* Main.storyboard in Resources */,
			);
			runOnlyForDeploymentPostprocessing = 0;
		};
		0962D8B51FB558FA00FEBED7 /* Resources */ = {
			isa = PBXResourcesBuildPhase;
			buildActionMask = 2147483647;
			files = (
			);
			runOnlyForDeploymentPostprocessing = 0;
		};
		0962D8C01FB558FA00FEBED7 /* Resources */ = {
			isa = PBXResourcesBuildPhase;
			buildActionMask = 2147483647;
			files = (
			);
			runOnlyForDeploymentPostprocessing = 0;
		};
/* End PBXResourcesBuildPhase section */

/* Begin PBXSourcesBuildPhase section */
		0962D89F1FB558FA00FEBED7 /* Sources */ = {
			isa = PBXSourcesBuildPhase;
			buildActionMask = 2147483647;
			files = (
				0962D8A91FB558FA00FEBED7 /* ViewController.swift in Sources */,
				09CF78D41FB7CCE900D8D4F4 /* FacialExpression.swift in Sources */,
				0962D8A71FB558FA00FEBED7 /* AppDelegate.swift in Sources */,
				0962D8D61FB559B500FEBED7 /* FaceView.swift in Sources */,
			);
			runOnlyForDeploymentPostprocessing = 0;
		};
		0962D8B31FB558FA00FEBED7 /* Sources */ = {
			isa = PBXSourcesBuildPhase;
			buildActionMask = 2147483647;
			files = (
				0962D8BC1FB558FA00FEBED7 /* FaceItTests.swift in Sources */,
			);
			runOnlyForDeploymentPostprocessing = 0;
		};
		0962D8BE1FB558FA00FEBED7 /* Sources */ = {
			isa = PBXSourcesBuildPhase;
			buildActionMask = 2147483647;
			files = (
				0962D8C71FB558FA00FEBED7 /* FaceItUITests.swift in Sources */,
			);
			runOnlyForDeploymentPostprocessing = 0;
		};
/* End PBXSourcesBuildPhase section */

/* Begin PBXTargetDependency section */
		0962D8B91FB558FA00FEBED7 /* PBXTargetDependency */ = {
			isa = PBXTargetDependency;
			target = 0962D8A21FB558FA00FEBED7 /* FaceIt */;
			targetProxy = 0962D8B81FB558FA00FEBED7 /* PBXContainerItemProxy */;
		};
		0962D8C41FB558FA00FEBED7 /* PBXTargetDependency */ = {
			isa = PBXTargetDependency;
			target = 0962D8A21FB558FA00FEBED7 /* FaceIt */;
			targetProxy = 0962D8C31FB558FA00FEBED7 /* PBXContainerItemProxy */;
		};
/* End PBXTargetDependency section */

/* Begin PBXVariantGroup section */
		0962D8AA1FB558FA00FEBED7 /* Main.storyboard */ = {
			isa = PBXVariantGroup;
			children = (
				0962D8AB1FB558FA00FEBED7 /* Base */,
			);
			name = Main.storyboard;
			sourceTree = "<group>";
		};
		0962D8AF1FB558FA00FEBED7 /* LaunchScreen.storyboard */ = {
			isa = PBXVariantGroup;
			children = (
				0962D8B01FB558FA00FEBED7 /* Base */,
			);
			name = LaunchScreen.storyboard;
			sourceTree = "<group>";
		};
/* End PBXVariantGroup section */

/* Begin XCBuildConfiguration section */
		0962D8C91FB558FA00FEBED7 /* Debug */ = {
			isa = XCBuildConfiguration;
			buildSettings = {
				ALWAYS_SEARCH_USER_PATHS = NO;
				CLANG_ANALYZER_NONNULL = YES;
				CLANG_ANALYZER_NUMBER_OBJECT_CONVERSION = YES_AGGRESSIVE;
				CLANG_CXX_LANGUAGE_STANDARD = "gnu++0x";
				CLANG_CXX_LIBRARY = "libc++";
				CLANG_ENABLE_MODULES = YES;
				CLANG_ENABLE_OBJC_ARC = YES;
				CLANG_WARN_BOOL_CONVERSION = YES;
				CLANG_WARN_CONSTANT_CONVERSION = YES;
				CLANG_WARN_DIRECT_OBJC_ISA_USAGE = YES_ERROR;
				CLANG_WARN_DOCUMENTATION_COMMENTS = YES;
				CLANG_WARN_EMPTY_BODY = YES;
				CLANG_WARN_ENUM_CONVERSION = YES;
				CLANG_WARN_INFINITE_RECURSION = YES;
				CLANG_WARN_INT_CONVERSION = YES;
				CLANG_WARN_OBJC_ROOT_CLASS = YES_ERROR;
				CLANG_WARN_SUSPICIOUS_MOVE = YES;
				CLANG_WARN_UNREACHABLE_CODE = YES;
				CLANG_WARN__DUPLICATE_METHOD_MATCH = YES;
				"CODE_SIGN_IDENTITY[sdk=iphoneos*]" = "iPhone Developer";
				COPY_PHASE_STRIP = NO;
				DEBUG_INFORMATION_FORMAT = dwarf;
				ENABLE_STRICT_OBJC_MSGSEND = YES;
				ENABLE_TESTABILITY = YES;
				GCC_C_LANGUAGE_STANDARD = gnu99;
				GCC_DYNAMIC_NO_PIC = NO;
				GCC_NO_COMMON_BLOCKS = YES;
				GCC_OPTIMIZATION_LEVEL = 0;
				GCC_PREPROCESSOR_DEFINITIONS = (
					"DEBUG=1",
					"$(inherited)",
				);
				GCC_WARN_64_TO_32_BIT_CONVERSION = YES;
				GCC_WARN_ABOUT_RETURN_TYPE = YES_ERROR;
				GCC_WARN_UNDECLARED_SELECTOR = YES;
				GCC_WARN_UNINITIALIZED_AUTOS = YES_AGGRESSIVE;
				GCC_WARN_UNUSED_FUNCTION = YES;
				GCC_WARN_UNUSED_VARIABLE = YES;
				IPHONEOS_DEPLOYMENT_TARGET = 10.3;
				MTL_ENABLE_DEBUG_INFO = YES;
				ONLY_ACTIVE_ARCH = YES;
				SDKROOT = iphoneos;
				SWIFT_ACTIVE_COMPILATION_CONDITIONS = DEBUG;
				SWIFT_OPTIMIZATION_LEVEL = "-Onone";
				TARGETED_DEVICE_FAMILY = "1,2";
			};
			name = Debug;
		};
		0962D8CA1FB558FA00FEBED7 /* Release */ = {
			isa = XCBuildConfiguration;
			buildSettings = {
				ALWAYS_SEARCH_USER_PATHS = NO;
				CLANG_ANALYZER_NONNULL = YES;
				CLANG_ANALYZER_NUMBER_OBJECT_CONVERSION = YES_AGGRESSIVE;
				CLANG_CXX_LANGUAGE_STANDARD = "gnu++0x";
				CLANG_CXX_LIBRARY = "libc++";
				CLANG_ENABLE_MODULES = YES;
				CLANG_ENABLE_OBJC_ARC = YES;
				CLANG_WARN_BOOL_CONVERSION = YES;
				CLANG_WARN_CONSTANT_CONVERSION = YES;
				CLANG_WARN_DIRECT_OBJC_ISA_USAGE = YES_ERROR;
				CLANG_WARN_DOCUMENTATION_COMMENTS = YES;
				CLANG_WARN_EMPTY_BODY = YES;
				CLANG_WARN_ENUM_CONVERSION = YES;
				CLANG_WARN_INFINITE_RECURSION = YES;
				CLANG_WARN_INT_CONVERSION = YES;
				CLANG_WARN_OBJC_ROOT_CLASS = YES_ERROR;
				CLANG_WARN_SUSPICIOUS_MOVE = YES;
				CLANG_WARN_UNREACHABLE_CODE = YES;
				CLANG_WARN__DUPLICATE_METHOD_MATCH = YES;
				"CODE_SIGN_IDENTITY[sdk=iphoneos*]" = "iPhone Developer";
				COPY_PHASE_STRIP = NO;
				DEBUG_INFORMATION_FORMAT = "dwarf-with-dsym";
				ENABLE_NS_ASSERTIONS = NO;
				ENABLE_STRICT_OBJC_MSGSEND = YES;
				GCC_C_LANGUAGE_STANDARD = gnu99;
				GCC_NO_COMMON_BLOCKS = YES;
				GCC_WARN_64_TO_32_BIT_CONVERSION = YES;
				GCC_WARN_ABOUT_RETURN_TYPE = YES_ERROR;
				GCC_WARN_UNDECLARED_SELECTOR = YES;
				GCC_WARN_UNINITIALIZED_AUTOS = YES_AGGRESSIVE;
				GCC_WARN_UNUSED_FUNCTION = YES;
				GCC_WARN_UNUSED_VARIABLE = YES;
				IPHONEOS_DEPLOYMENT_TARGET = 10.3;
				MTL_ENABLE_DEBUG_INFO = NO;
				SDKROOT = iphoneos;
				SWIFT_OPTIMIZATION_LEVEL = "-Owholemodule";
				TARGETED_DEVICE_FAMILY = "1,2";
				VALIDATE_PRODUCT = YES;
			};
			name = Release;
		};
		0962D8CC1FB558FA00FEBED7 /* Debug */ = {
			isa = XCBuildConfiguration;
			buildSettings = {
				ASSETCATALOG_COMPILER_APPICON_NAME = AppIcon;
				INFOPLIST_FILE = FaceIt/Info.plist;
				LD_RUNPATH_SEARCH_PATHS = "$(inherited) @executable_path/Frameworks";
				PRODUCT_BUNDLE_IDENTIFIER = net.jacoblo.FaceIt;
				PRODUCT_NAME = "$(TARGET_NAME)";
				SWIFT_VERSION = 3.0;
			};
			name = Debug;
		};
		0962D8CD1FB558FA00FEBED7 /* Release */ = {
			isa = XCBuildConfiguration;
			buildSettings = {
				ASSETCATALOG_COMPILER_APPICON_NAME = AppIcon;
				INFOPLIST_FILE = FaceIt/Info.plist;
				LD_RUNPATH_SEARCH_PATHS = "$(inherited) @executable_path/Frameworks";
				PRODUCT_BUNDLE_IDENTIFIER = net.jacoblo.FaceIt;
				PRODUCT_NAME = "$(TARGET_NAME)";
				SWIFT_VERSION = 3.0;
			};
			name = Release;
		};
		0962D8CF1FB558FA00FEBED7 /* Debug */ = {
			isa = XCBuildConfiguration;
			buildSettings = {
				ALWAYS_EMBED_SWIFT_STANDARD_LIBRARIES = YES;
				BUNDLE_LOADER = "$(TEST_HOST)";
				INFOPLIST_FILE = FaceItTests/Info.plist;
				LD_RUNPATH_SEARCH_PATHS = "$(inherited) @executable_path/Frameworks @loader_path/Frameworks";
				PRODUCT_BUNDLE_IDENTIFIER = net.jacoblo.FaceItTests;
				PRODUCT_NAME = "$(TARGET_NAME)";
				SWIFT_VERSION = 3.0;
				TEST_HOST = "$(BUILT_PRODUCTS_DIR)/FaceIt.app/FaceIt";
			};
			name = Debug;
		};
		0962D8D01FB558FA00FEBED7 /* Release */ = {
			isa = XCBuildConfiguration;
			buildSettings = {
				ALWAYS_EMBED_SWIFT_STANDARD_LIBRARIES = YES;
				BUNDLE_LOADER = "$(TEST_HOST)";
				INFOPLIST_FILE = FaceItTests/Info.plist;
				LD_RUNPATH_SEARCH_PATHS = "$(inherited) @executable_path/Frameworks @loader_path/Frameworks";
				PRODUCT_BUNDLE_IDENTIFIER = net.jacoblo.FaceItTests;
				PRODUCT_NAME = "$(TARGET_NAME)";
				SWIFT_VERSION = 3.0;
				TEST_HOST = "$(BUILT_PRODUCTS_DIR)/FaceIt.app/FaceIt";
			};
			name = Release;
		};
		0962D8D21FB558FA00FEBED7 /* Debug */ = {
			isa = XCBuildConfiguration;
			buildSettings = {
				ALWAYS_EMBED_SWIFT_STANDARD_LIBRARIES = YES;
				INFOPLIST_FILE = FaceItUITests/Info.plist;
				LD_RUNPATH_SEARCH_PATHS = "$(inherited) @executable_path/Frameworks @loader_path/Frameworks";
				PRODUCT_BUNDLE_IDENTIFIER = net.jacoblo.FaceItUITests;
				PRODUCT_NAME = "$(TARGET_NAME)";
				SWIFT_VERSION = 3.0;
				TEST_TARGET_NAME = FaceIt;
			};
			name = Debug;
		};
		0962D8D31FB558FA00FEBED7 /* Release */ = {
			isa = XCBuildConfiguration;
			buildSettings = {
				ALWAYS_EMBED_SWIFT_STANDARD_LIBRARIES = YES;
				INFOPLIST_FILE = FaceItUITests/Info.plist;
				LD_RUNPATH_SEARCH_PATHS = "$(inherited) @executable_path/Frameworks @loader_path/Frameworks";
				PRODUCT_BUNDLE_IDENTIFIER = net.jacoblo.FaceItUITests;
				PRODUCT_NAME = "$(TARGET_NAME)";
				SWIFT_VERSION = 3.0;
				TEST_TARGET_NAME = FaceIt;
			};
			name = Release;
		};
/* End XCBuildConfiguration section */

/* Begin XCConfigurationList section */
		0962D89E1FB558FA00FEBED7 /* Build configuration list for PBXProject "FaceIt" */ = {
			isa = XCConfigurationList;
			buildConfigurations = (
				0962D8C91FB558FA00FEBED7 /* Debug */,
				0962D8CA1FB558FA00FEBED7 /* Release */,
			);
			defaultConfigurationIsVisible = 0;
			defaultConfigurationName = Release;
		};
		0962D8CB1FB558FA00FEBED7 /* Build configuration list for PBXNativeTarget "FaceIt" */ = {
			isa = XCConfigurationList;
			buildConfigurations = (
				0962D8CC1FB558FA00FEBED7 /* Debug */,
				0962D8CD1FB558FA00FEBED7 /* Release */,
			);
			defaultConfigurationIsVisible = 0;
			defaultConfigurationName = Release;
		};
		0962D8CE1FB558FA00FEBED7 /* Build configuration list for PBXNativeTarget "FaceItTests" */ = {
			isa = XCConfigurationList;
			buildConfigurations = (
				0962D8CF1FB558FA00FEBED7 /* Debug */,
				0962D8D01FB558FA00FEBED7 /* Release */,
			);
			defaultConfigurationIsVisible = 0;
			defaultConfigurationName = Release;
		};
		0962D8D11FB558FA00FEBED7 /* Build configuration list for PBXNativeTarget "FaceItUITests" */ = {
			isa = XCConfigurationList;
			buildConfigurations = (
				0962D8D21FB558FA00FEBED7 /* Debug */,
				0962D8D31FB558FA00FEBED7 /* Release */,
			);
			defaultConfigurationIsVisible = 0;
			defaultConfigurationName = Release;
		};
/* End XCConfigurationList section */
	};
	rootObject = 0962D89B1FB558FA00FEBED7 /* Project object */;
}
